Microsoft Visual Studio Solution File, Format Version 12.00
# Visual Studio Version 17
VisualStudioVersion = 17.5.2.0
MinimumVisualStudioVersion = 10.0.40219.1
Project("{2150E333-8FDC-42A3-9474-1A3956D46DE8}") = "c-sharp-dot-net-essential-training-2453257-main", "c-sharp-dot-net-essential-training-2453257-main", "{D2D3010C-6EB8-C008-083E-44DF42A0E764}"
EndProject
Project("{2150E333-8FDC-42A3-9474-1A3956D46DE8}") = "Start", "Start", "{BD8321AB-D85A-B520-1A4E-2BC45F42EDB6}"
EndProject
Project("{2150E333-8FDC-42A3-9474-1A3956D46DE8}") = "Files", "Files", "{7227CB01-1ABD-AAF9-CCC5-8D517BC947F1}"
EndProject
Project("{FAE04EC0-301F-11D3-BF4B-00C04F79EFBC}") = "CreateFiles", "c-sharp-dot-net-essential-training-2453257-main\Start\Files\CreateFiles\CreateFiles.csproj", "{ED70C834-709E-7B0A-0002-F43AC089BA26}"
EndProject
Project("{FAE04EC0-301F-11D3-BF4B-00C04F79EFBC}") = "FileInfo", "c-sharp-dot-net-essential-training-2453257-main\Start\Files\FileInfo\FileInfo.csproj", "{8AB77B81-00E4-3ABA-B56D-83023739B1B5}"
EndProject
Project("{FAE04EC0-301F-11D3-BF4B-00C04F79EFBC}") = "Directories", "c-sharp-dot-net-essential-training-2453257-main\Start\Files\Directories\Directories.csproj", "{95003BBE-5B4F-8740-80ED-205534A49C42}"
EndProject
Project("{FAE04EC0-301F-11D3-BF4B-00C04F79EFBC}") = "ReadWriteFiles", "c-sharp-dot-net-essential-training-2453257-main\Start\Files\ReadWriteFiles\ReadWriteFiles.csproj", "{D26A4C1C-43C4-B2D7-12B5-BB4FA7F6AC84}"
EndProject
Project("{2150E333-8FDC-42A3-9474-1A3956D46DE8}") = "NumbersDates", "NumbersDates", "{6CD0C26B-5598-A16C-F4FC-27CB1CD44168}"
EndProject
Project("{FAE04EC0-301F-11D3-BF4B-00C04F79EFBC}") = "FormatNumbers", "c-sharp-dot-net-essential-training-2453257-main\Start\NumbersDates\FormatNumbers\FormatNumbers.csproj", "{C61C40CE-0ACF-800C-A3D8-313F1053564C}"
EndProject
Project("{FAE04EC0-301F-11D3-BF4B-00C04F79EFBC}") = "ParseDates", "c-sharp-dot-net-essential-training-2453257-main\Start\NumbersDates\ParseDates\ParseDates.csproj", "{FB7F68FD-4EE9-32E5-A22B-3E3A78A2969F}"
EndProject
Project("{FAE04EC0-301F-11D3-BF4B-00C04F79EFBC}") = "FormatDates", "c-sharp-dot-net-essential-training-2453257-main\Start\NumbersDates\FormatDates\FormatDates.csproj", "{E82D3D94-7EF3-4459-7C9C-675A14AA8B65}"
EndProject
Project("{FAE04EC0-301F-11D3-BF4B-00C04F79EFBC}") = "ParseNumbers", "c-sharp-dot-net-essential-training-2453257-main\Start\NumbersDates\ParseNumbers\ParseNumbers.csproj", "{7261AFDA-CAA4-32F3-7406-76C39B664C5E}"
EndProject
Project("{FAE04EC0-301F-11D3-BF4B-00C04F79EFBC}") = "DateTimeClass", "c-sharp-dot-net-essential-training-2453257-main\Start\NumbersDates\DateTimeClass\DateTimeClass.csproj", "{7FFA62DC-78DB-102F-4655-EEDBC310372E}"
EndProject
Project("{2150E333-8FDC-42A3-9474-1A3956D46DE8}") = "Overview", "Overview", "{941DC479-B6B7-20D4-8CD4-5DE7FBFD3BC7}"
EndProject
Project("{FAE04EC0-301F-11D3-BF4B-00C04F79EFBC}") = "DataTypes", "c-sharp-dot-net-essential-training-2453257-main\Start\Overview\DataTypes\DataTypes.csproj", "{9AECB987-8424-0484-5FEF-D0E4A9EFE1B1}"
EndProject
Project("{FAE04EC0-301F-11D3-BF4B-00C04F79EFBC}") = "GarbageCollect", "c-sharp-dot-net-essential-training-2453257-main\Start\Overview\GarbageCollect\GarbageCollect.csproj", "{16CA7C1F-F83C-AFE7-2B74-3132B2F09623}"
EndProject
Project("{FAE04EC0-301F-11D3-BF4B-00C04F79EFBC}") = "MyConsoleApp", "c-sharp-dot-net-essential-training-2453257-main\Start\Overview\MyConsoleApp\MyConsoleApp.csproj", "{AD47C822-3C6E-3BB9-2C86-09C6EC44856C}"
EndProject
Project("{2150E333-8FDC-42A3-9474-1A3956D46DE8}") = "Regex", "Regex", "{80FD3ADD-892A-0D59-5687-6900E5E1F231}"
EndProject
Project("{FAE04EC0-301F-11D3-BF4B-00C04F79EFBC}") = "Finding", "c-sharp-dot-net-essential-training-2453257-main\Start\Regex\Finding\Finding.csproj", "{1336BA8D-4B3D-0C02-901F-0633A0FDC467}"
EndProject
Project("{FAE04EC0-301F-11D3-BF4B-00C04F79EFBC}") = "Replacing", "c-sharp-dot-net-essential-training-2453257-main\Start\Regex\Replacing\Replacing.csproj", "{A6DF24BA-8887-A732-B78B-D7F870005376}"
EndProject
Project("{2150E333-8FDC-42A3-9474-1A3956D46DE8}") = "Timeouts", "Timeouts", "{393E8450-EB86-3488-6E88-FF6A0688DB6C}"
EndProject
Project("{FAE04EC0-301F-11D3-BF4B-00C04F79EFBC}") = "RegexTimeouts", "c-sharp-dot-net-essential-training-2453257-main\Start\Regex\Timeouts\RegexTimeouts.csproj", "{4E0342B3-C22A-1581-39F5-B3AF32591966}"
EndProject
Project("{2150E333-8FDC-42A3-9474-1A3956D46DE8}") = "Strings", "Strings", "{59F95ABA-638F-F83F-66E7-790B5251766E}"
EndProject
Project("{FAE04EC0-301F-11D3-BF4B-00C04F79EFBC}") = "Interpolation", "c-sharp-dot-net-essential-training-2453257-main\Start\Strings\Interpolation\Interpolation.csproj", "{0619B4B6-BB03-0E35-E619-5B6EAA3B54D8}"
EndProject
Project("{FAE04EC0-301F-11D3-BF4B-00C04F79EFBC}") = "Manipulation", "c-sharp-dot-net-essential-training-2453257-main\Start\Strings\Manipulation\Manipulation.csproj", "{153BA0D4-8559-DE5A-AC38-6EFC89759423}"
EndProject
Project("{FAE04EC0-301F-11D3-BF4B-00C04F79EFBC}") = "Searching", "c-sharp-dot-net-essential-training-2453257-main\Start\Strings\Searching\Searching.csproj", "{3063D9C7-F632-2DAD-3C8E-34EDDA85C435}"
EndProject
Project("{FAE04EC0-301F-11D3-BF4B-00C04F79EFBC}") = "Formatting", "c-sharp-dot-net-essential-training-2453257-main\Start\Strings\Formatting\Formatting.csproj", "{A27DF238-7CF1-9BB2-F4E1-3BF1CCA1A018}"
EndProject
Project("{2150E333-8FDC-42A3-9474-1A3956D46DE8}") = "Finished", "Finished", "{9C63D56C-9B29-A88C-813E-C4315DE06947}"
EndProject
Project("{2150E333-8FDC-42A3-9474-1A3956D46DE8}") = "Files", "Files", "{3971C4E4-0F5A-B374-6D74-D48CD6931A52}"
EndProject
Project("{FAE04EC0-301F-11D3-BF4B-00C04F79EFBC}") = "CreateFiles", "c-sharp-dot-net-essential-training-2453257-main\Finished\Files\CreateFiles\CreateFiles.csproj", "{FB548B12-6091-E6F8-0BB5-41AFDF8D21D2}"
EndProject
Project("{FAE04EC0-301F-11D3-BF4B-00C04F79EFBC}") = "FileInfo", "c-sharp-dot-net-essential-training-2453257-main\Finished\Files\FileInfo\FileInfo.csproj", "{93B76D68-926F-8F0E-6FD5-DE562A998D8A}"
EndProject
Project("{FAE04EC0-301F-11D3-BF4B-00C04F79EFBC}") = "Directories", "c-sharp-dot-net-essential-training-2453257-main\Finished\Files\Directories\Directories.csproj", "{D8A92BE1-72FA-00DF-E9F1-5765A539D4CE}"
EndProject
Project("{FAE04EC0-301F-11D3-BF4B-00C04F79EFBC}") = "Challenge", "c-sharp-dot-net-essential-training-2453257-main\Finished\Files\Challenge\Challenge.csproj", "{4D4093C0-DB73-15BB-1C36-843205152140}"
EndProject
Project("{FAE04EC0-301F-11D3-BF4B-00C04F79EFBC}") = "ReadWriteFiles", "c-sharp-dot-net-essential-training-2453257-main\Finished\Files\ReadWriteFiles\ReadWriteFiles.csproj", "{E5E7FA1C-20BD-CCA2-21CA-72E0B4CAD393}"
EndProject
Project("{2150E333-8FDC-42A3-9474-1A3956D46DE8}") = "NumbersDates", "NumbersDates", "{774CEC25-B18C-0A8C-7413-DCB7920982D4}"
EndProject
Project("{FAE04EC0-301F-11D3-BF4B-00C04F79EFBC}") = "FormatNumbers", "c-sharp-dot-net-essential-training-2453257-main\Finished\NumbersDates\FormatNumbers\FormatNumbers.csproj", "{45F520C6-BD96-90F3-F727-D54461EF8975}"
EndProject
Project("{FAE04EC0-301F-11D3-BF4B-00C04F79EFBC}") = "ParseDates", "c-sharp-dot-net-essential-training-2453257-main\Finished\NumbersDates\ParseDates\ParseDates.csproj", "{CC03F2A5-9638-1294-720F-9D925402CA4C}"
EndProject
Project("{FAE04EC0-301F-11D3-BF4B-00C04F79EFBC}") = "FormatDates", "c-sharp-dot-net-essential-training-2453257-main\Finished\NumbersDates\FormatDates\FormatDates.csproj", "{E7CC2EAE-1851-7C99-CE8C-6935D458F664}"
EndProject
Project("{FAE04EC0-301F-11D3-BF4B-00C04F79EFBC}") = "ParseNumbers", "c-sharp-dot-net-essential-training-2453257-main\Finished\NumbersDates\ParseNumbers\ParseNumbers.csproj", "{EEE74254-F995-3CFF-901F-1846E563BE8B}"
EndProject
Project("{FAE04EC0-301F-11D3-BF4B-00C04F79EFBC}") = "DateTimeClass", "c-sharp-dot-net-essential-training-2453257-main\Finished\NumbersDates\DateTimeClass\DateTimeClass.csproj", "{8F3F4E23-27AF-6279-330B-04F3C12E1FF8}"
EndProject
Project("{FAE04EC0-301F-11D3-BF4B-00C04F79EFBC}") = "Challenge", "c-sharp-dot-net-essential-training-2453257-main\Finished\NumbersDates\Challenge\Challenge.csproj", "{E4EA95F6-C871-6FF8-9FD5-95B411C5BA7C}"
EndProject
Project("{2150E333-8FDC-42A3-9474-1A3956D46DE8}") = "Overview", "Overview", "{609EF948-BD03-C671-D8A7-199F553567D1}"
EndProject
Project("{FAE04EC0-301F-11D3-BF4B-00C04F79EFBC}") = "DataTypes", "c-sharp-dot-net-essential-training-2453257-main\Finished\Overview\DataTypes\DataTypes.csproj", "{C3487BEB-68D0-EFEF-29C4-D8E6C952AA3B}"
EndProject
Project("{FAE04EC0-301F-11D3-BF4B-00C04F79EFBC}") = "GarbageCollect", "c-sharp-dot-net-essential-training-2453257-main\Finished\Overview\GarbageCollect\GarbageCollect.csproj", "{5FA37182-4635-E05D-24AA-C6C54D786BD4}"
EndProject
Project("{FAE04EC0-301F-11D3-BF4B-00C04F79EFBC}") = "MyConsoleApp", "c-sharp-dot-net-essential-training-2453257-main\Finished\Overview\MyConsoleApp\MyConsoleApp.csproj", "{994DAAA6-C932-AA3A-29A9-9ED8635D0409}"
EndProject
Project("{2150E333-8FDC-42A3-9474-1A3956D46DE8}") = "Regex", "Regex", "{F5A0FA01-B7BF-CD79-6679-8D183F9B92D6}"
EndProject
Project("{FAE04EC0-301F-11D3-BF4B-00C04F79EFBC}") = "Finding", "c-sharp-dot-net-essential-training-2453257-main\Finished\Regex\Finding\Finding.csproj", "{B4F99038-3EA0-E8D3-07A8-E4CD8B52B384}"
EndProject
Project("{FAE04EC0-301F-11D3-BF4B-00C04F79EFBC}") = "Replacing", "c-sharp-dot-net-essential-training-2453257-main\Finished\Regex\Replacing\Replacing.csproj", "{3226EE03-F4E3-4CE1-E33F-19A98F9CEBFE}"
EndProject
Project("{2150E333-8FDC-42A3-9474-1A3956D46DE8}") = "Timeouts", "Timeouts", "{94D8762E-30DA-DA5B-D181-F9B5C1715C6C}"
EndProject
Project("{FAE04EC0-301F-11D3-BF4B-00C04F79EFBC}") = "RegexTimeouts", "c-sharp-dot-net-essential-training-2453257-main\Finished\Regex\Timeouts\RegexTimeouts.csproj", "{B79E670D-0E15-5978-9548-8EAE3F026423}"
EndProject
Project("{FAE04EC0-301F-11D3-BF4B-00C04F79EFBC}") = "Challenge", "c-sharp-dot-net-essential-training-2453257-main\Finished\Regex\Challenge\Challenge.csproj", "{62000550-661B-F38C-CAF2-56647791376F}"
EndProject
Project("{2150E333-8FDC-42A3-9474-1A3956D46DE8}") = "Strings", "Strings", "{503AD2FD-79DF-BD12-807A-AB4C108C76C2}"
EndProject
Project("{FAE04EC0-301F-11D3-BF4B-00C04F79EFBC}") = "Interpolation", "c-sharp-dot-net-essential-training-2453257-main\Finished\Strings\Interpolation\Interpolation.csproj", "{BCCFA4A3-1892-63EB-CA9F-FB6FC6F7AA62}"
EndProject
Project("{FAE04EC0-301F-11D3-BF4B-00C04F79EFBC}") = "Manipulation", "c-sharp-dot-net-essential-training-2453257-main\Finished\Strings\Manipulation\Manipulation.csproj", "{2966C55C-44C9-C4BA-A9AF-138871752FDB}"
EndProject
Project("{FAE04EC0-301F-11D3-BF4B-00C04F79EFBC}") = "Searching", "c-sharp-dot-net-essential-training-2453257-main\Finished\Strings\Searching\Searching.csproj", "{201C4A84-D232-2DEE-668F-0F77CE45E4F2}"
EndProject
Project("{FAE04EC0-301F-11D3-BF4B-00C04F79EFBC}") = "Formatting", "c-sharp-dot-net-essential-training-2453257-main\Finished\Strings\Formatting\Formatting.csproj", "{9BC34372-E073-959F-909D-9A9689E6165C}"
EndProject
Global
	GlobalSection(SolutionConfigurationPlatforms) = preSolution
		Debug|Any CPU = Debug|Any CPU
		Release|Any CPU = Release|Any CPU
	EndGlobalSection
	GlobalSection(ProjectConfigurationPlatforms) = postSolution
		{ED70C834-709E-7B0A-0002-F43AC089BA26}.Debug|Any CPU.ActiveCfg = Debug|Any CPU
		{ED70C834-709E-7B0A-0002-F43AC089BA26}.Debug|Any CPU.Build.0 = Debug|Any CPU
		{ED70C834-709E-7B0A-0002-F43AC089BA26}.Release|Any CPU.ActiveCfg = Release|Any CPU
		{ED70C834-709E-7B0A-0002-F43AC089BA26}.Release|Any CPU.Build.0 = Release|Any CPU
		{8AB77B81-00E4-3ABA-B56D-83023739B1B5}.Debug|Any CPU.ActiveCfg = Debug|Any CPU
		{8AB77B81-00E4-3ABA-B56D-83023739B1B5}.Debug|Any CPU.Build.0 = Debug|Any CPU
		{8AB77B81-00E4-3ABA-B56D-83023739B1B5}.Release|Any CPU.ActiveCfg = Release|Any CPU
		{8AB77B81-00E4-3ABA-B56D-83023739B1B5}.Release|Any CPU.Build.0 = Release|Any CPU
		{95003BBE-5B4F-8740-80ED-205534A49C42}.Debug|Any CPU.ActiveCfg = Debug|Any CPU
		{95003BBE-5B4F-8740-80ED-205534A49C42}.Debug|Any CPU.Build.0 = Debug|Any CPU
		{95003BBE-5B4F-8740-80ED-205534A49C42}.Release|Any CPU.ActiveCfg = Release|Any CPU
		{95003BBE-5B4F-8740-80ED-205534A49C42}.Release|Any CPU.Build.0 = Release|Any CPU
		{D26A4C1C-43C4-B2D7-12B5-BB4FA7F6AC84}.Debug|Any CPU.ActiveCfg = Debug|Any CPU
		{D26A4C1C-43C4-B2D7-12B5-BB4FA7F6AC84}.Debug|Any CPU.Build.0 = Debug|Any CPU
		{D26A4C1C-43C4-B2D7-12B5-BB4FA7F6AC84}.Release|Any CPU.ActiveCfg = Release|Any CPU
		{D26A4C1C-43C4-B2D7-12B5-BB4FA7F6AC84}.Release|Any CPU.Build.0 = Release|Any CPU
		{C61C40CE-0ACF-800C-A3D8-313F1053564C}.Debug|Any CPU.ActiveCfg = Debug|Any CPU
		{C61C40CE-0ACF-800C-A3D8-313F1053564C}.Debug|Any CPU.Build.0 = Debug|Any CPU
		{C61C40CE-0ACF-800C-A3D8-313F1053564C}.Release|Any CPU.ActiveCfg = Release|Any CPU
		{C61C40CE-0ACF-800C-A3D8-313F1053564C}.Release|Any CPU.Build.0 = Release|Any CPU
		{FB7F68FD-4EE9-32E5-A22B-3E3A78A2969F}.Debug|Any CPU.ActiveCfg = Debug|Any CPU
		{FB7F68FD-4EE9-32E5-A22B-3E3A78A2969F}.Debug|Any CPU.Build.0 = Debug|Any CPU
		{FB7F68FD-4EE9-32E5-A22B-3E3A78A2969F}.Release|Any CPU.ActiveCfg = Release|Any CPU
		{FB7F68FD-4EE9-32E5-A22B-3E3A78A2969F}.Release|Any CPU.Build.0 = Release|Any CPU
		{E82D3D94-7EF3-4459-7C9C-675A14AA8B65}.Debug|Any CPU.ActiveCfg = Debug|Any CPU
		{E82D3D94-7EF3-4459-7C9C-675A14AA8B65}.Debug|Any CPU.Build.0 = Debug|Any CPU
		{E82D3D94-7EF3-4459-7C9C-675A14AA8B65}.Release|Any CPU.ActiveCfg = Release|Any CPU
		{E82D3D94-7EF3-4459-7C9C-675A14AA8B65}.Release|Any CPU.Build.0 = Release|Any CPU
		{7261AFDA-CAA4-32F3-7406-76C39B664C5E}.Debug|Any CPU.ActiveCfg = Debug|Any CPU
		{7261AFDA-CAA4-32F3-7406-76C39B664C5E}.Debug|Any CPU.Build.0 = Debug|Any CPU
		{7261AFDA-CAA4-32F3-7406-76C39B664C5E}.Release|Any CPU.ActiveCfg = Release|Any CPU
		{7261AFDA-CAA4-32F3-7406-76C39B664C5E}.Release|Any CPU.Build.0 = Release|Any CPU
		{7FFA62DC-78DB-102F-4655-EEDBC310372E}.Debug|Any CPU.ActiveCfg = Debug|Any CPU
		{7FFA62DC-78DB-102F-4655-EEDBC310372E}.Debug|Any CPU.Build.0 = Debug|Any CPU
		{7FFA62DC-78DB-102F-4655-EEDBC310372E}.Release|Any CPU.ActiveCfg = Release|Any CPU
		{7FFA62DC-78DB-102F-4655-EEDBC310372E}.Release|Any CPU.Build.0 = Release|Any CPU
		{9AECB987-8424-0484-5FEF-D0E4A9EFE1B1}.Debug|Any CPU.ActiveCfg = Debug|Any CPU
		{9AECB987-8424-0484-5FEF-D0E4A9EFE1B1}.Debug|Any CPU.Build.0 = Debug|Any CPU
		{9AECB987-8424-0484-5FEF-D0E4A9EFE1B1}.Release|Any CPU.ActiveCfg = Release|Any CPU
		{9AECB987-8424-0484-5FEF-D0E4A9EFE1B1}.Release|Any CPU.Build.0 = Release|Any CPU
		{16CA7C1F-F83C-AFE7-2B74-3132B2F09623}.Debug|Any CPU.ActiveCfg = Debug|Any CPU
		{16CA7C1F-F83C-AFE7-2B74-3132B2F09623}.Debug|Any CPU.Build.0 = Debug|Any CPU
		{16CA7C1F-F83C-AFE7-2B74-3132B2F09623}.Release|Any CPU.ActiveCfg = Release|Any CPU
		{16CA7C1F-F83C-AFE7-2B74-3132B2F09623}.Release|Any CPU.Build.0 = Release|Any CPU
		{AD47C822-3C6E-3BB9-2C86-09C6EC44856C}.Debug|Any CPU.ActiveCfg = Debug|Any CPU
		{AD47C822-3C6E-3BB9-2C86-09C6EC44856C}.Debug|Any CPU.Build.0 = Debug|Any CPU
		{AD47C822-3C6E-3BB9-2C86-09C6EC44856C}.Release|Any CPU.ActiveCfg = Release|Any CPU
		{AD47C822-3C6E-3BB9-2C86-09C6EC44856C}.Release|Any CPU.Build.0 = Release|Any CPU
		{1336BA8D-4B3D-0C02-901F-0633A0FDC467}.Debug|Any CPU.ActiveCfg = Debug|Any CPU
		{1336BA8D-4B3D-0C02-901F-0633A0FDC467}.Debug|Any CPU.Build.0 = Debug|Any CPU
		{1336BA8D-4B3D-0C02-901F-0633A0FDC467}.Release|Any CPU.ActiveCfg = Release|Any CPU
		{1336BA8D-4B3D-0C02-901F-0633A0FDC467}.Release|Any CPU.Build.0 = Release|Any CPU
		{A6DF24BA-8887-A732-B78B-D7F870005376}.Debug|Any CPU.ActiveCfg = Debug|Any CPU
		{A6DF24BA-8887-A732-B78B-D7F870005376}.Debug|Any CPU.Build.0 = Debug|Any CPU
		{A6DF24BA-8887-A732-B78B-D7F870005376}.Release|Any CPU.ActiveCfg = Release|Any CPU
		{A6DF24BA-8887-A732-B78B-D7F870005376}.Release|Any CPU.Build.0 = Release|Any CPU
		{4E0342B3-C22A-1581-39F5-B3AF32591966}.Debug|Any CPU.ActiveCfg = Debug|Any CPU
		{4E0342B3-C22A-1581-39F5-B3AF32591966}.Debug|Any CPU.Build.0 = Debug|Any CPU
		{4E0342B3-C22A-1581-39F5-B3AF32591966}.Release|Any CPU.ActiveCfg = Release|Any CPU
		{4E0342B3-C22A-1581-39F5-B3AF32591966}.Release|Any CPU.Build.0 = Release|Any CPU
		{0619B4B6-BB03-0E35-E619-5B6EAA3B54D8}.Debug|Any CPU.ActiveCfg = Debug|Any CPU
		{0619B4B6-BB03-0E35-E619-5B6EAA3B54D8}.Debug|Any CPU.Build.0 = Debug|Any CPU
		{0619B4B6-BB03-0E35-E619-5B6EAA3B54D8}.Release|Any CPU.ActiveCfg = Release|Any CPU
		{0619B4B6-BB03-0E35-E619-5B6EAA3B54D8}.Release|Any CPU.Build.0 = Release|Any CPU
		{153BA0D4-8559-DE5A-AC38-6EFC89759423}.Debug|Any CPU.ActiveCfg = Debug|Any CPU
		{153BA0D4-8559-DE5A-AC38-6EFC89759423}.Debug|Any CPU.Build.0 = Debug|Any CPU
		{153BA0D4-8559-DE5A-AC38-6EFC89759423}.Release|Any CPU.ActiveCfg = Release|Any CPU
		{153BA0D4-8559-DE5A-AC38-6EFC89759423}.Release|Any CPU.Build.0 = Release|Any CPU
		{3063D9C7-F632-2DAD-3C8E-34EDDA85C435}.Debug|Any CPU.ActiveCfg = Debug|Any CPU
		{3063D9C7-F632-2DAD-3C8E-34EDDA85C435}.Debug|Any CPU.Build.0 = Debug|Any CPU
		{3063D9C7-F632-2DAD-3C8E-34EDDA85C435}.Release|Any CPU.ActiveCfg = Release|Any CPU
		{3063D9C7-F632-2DAD-3C8E-34EDDA85C435}.Release|Any CPU.Build.0 = Release|Any CPU
		{A27DF238-7CF1-9BB2-F4E1-3BF1CCA1A018}.Debug|Any CPU.ActiveCfg = Debug|Any CPU
		{A27DF238-7CF1-9BB2-F4E1-3BF1CCA1A018}.Debug|Any CPU.Build.0 = Debug|Any CPU
		{A27DF238-7CF1-9BB2-F4E1-3BF1CCA1A018}.Release|Any CPU.ActiveCfg = Release|Any CPU
		{A27DF238-7CF1-9BB2-F4E1-3BF1CCA1A018}.Release|Any CPU.Build.0 = Release|Any CPU
		{FB548B12-6091-E6F8-0BB5-41AFDF8D21D2}.Debug|Any CPU.ActiveCfg = Debug|Any CPU
		{FB548B12-6091-E6F8-0BB5-41AFDF8D21D2}.Debug|Any CPU.Build.0 = Debug|Any CPU
		{FB548B12-6091-E6F8-0BB5-41AFDF8D21D2}.Release|Any CPU.ActiveCfg = Release|Any CPU
		{FB548B12-6091-E6F8-0BB5-41AFDF8D21D2}.Release|Any CPU.Build.0 = Release|Any CPU
		{93B76D68-926F-8F0E-6FD5-DE562A998D8A}.Debug|Any CPU.ActiveCfg = Debug|Any CPU
		{93B76D68-926F-8F0E-6FD5-DE562A998D8A}.Debug|Any CPU.Build.0 = Debug|Any CPU
		{93B76D68-926F-8F0E-6FD5-DE562A998D8A}.Release|Any CPU.ActiveCfg = Release|Any CPU
		{93B76D68-926F-8F0E-6FD5-DE562A998D8A}.Release|Any CPU.Build.0 = Release|Any CPU
		{D8A92BE1-72FA-00DF-E9F1-5765A539D4CE}.Debug|Any CPU.ActiveCfg = Debug|Any CPU
		{D8A92BE1-72FA-00DF-E9F1-5765A539D4CE}.Debug|Any CPU.Build.0 = Debug|Any CPU
		{D8A92BE1-72FA-00DF-E9F1-5765A539D4CE}.Release|Any CPU.ActiveCfg = Release|Any CPU
		{D8A92BE1-72FA-00DF-E9F1-5765A539D4CE}.Release|Any CPU.Build.0 = Release|Any CPU
		{4D4093C0-DB73-15BB-1C36-843205152140}.Debug|Any CPU.ActiveCfg = Debug|Any CPU
		{4D4093C0-DB73-15BB-1C36-843205152140}.Debug|Any CPU.Build.0 = Debug|Any CPU
		{4D4093C0-DB73-15BB-1C36-843205152140}.Release|Any CPU.ActiveCfg = Release|Any CPU
		{4D4093C0-DB73-15BB-1C36-843205152140}.Release|Any CPU.Build.0 = Release|Any CPU
		{E5E7FA1C-20BD-CCA2-21CA-72E0B4CAD393}.Debug|Any CPU.ActiveCfg = Debug|Any CPU
		{E5E7FA1C-20BD-CCA2-21CA-72E0B4CAD393}.Debug|Any CPU.Build.0 = Debug|Any CPU
		{E5E7FA1C-20BD-CCA2-21CA-72E0B4CAD393}.Release|Any CPU.ActiveCfg = Release|Any CPU
		{E5E7FA1C-20BD-CCA2-21CA-72E0B4CAD393}.Release|Any CPU.Build.0 = Release|Any CPU
		{45F520C6-BD96-90F3-F727-D54461EF8975}.Debug|Any CPU.ActiveCfg = Debug|Any CPU
		{45F520C6-BD96-90F3-F727-D54461EF8975}.Debug|Any CPU.Build.0 = Debug|Any CPU
		{45F520C6-BD96-90F3-F727-D54461EF8975}.Release|Any CPU.ActiveCfg = Release|Any CPU
		{45F520C6-BD96-90F3-F727-D54461EF8975}.Release|Any CPU.Build.0 = Release|Any CPU
		{CC03F2A5-9638-1294-720F-9D925402CA4C}.Debug|Any CPU.ActiveCfg = Debug|Any CPU
		{CC03F2A5-9638-1294-720F-9D925402CA4C}.Debug|Any CPU.Build.0 = Debug|Any CPU
		{CC03F2A5-9638-1294-720F-9D925402CA4C}.Release|Any CPU.ActiveCfg = Release|Any CPU
		{CC03F2A5-9638-1294-720F-9D925402CA4C}.Release|Any CPU.Build.0 = Release|Any CPU
		{E7CC2EAE-1851-7C99-CE8C-6935D458F664}.Debug|Any CPU.ActiveCfg = Debug|Any CPU
		{E7CC2EAE-1851-7C99-CE8C-6935D458F664}.Debug|Any CPU.Build.0 = Debug|Any CPU
		{E7CC2EAE-1851-7C99-CE8C-6935D458F664}.Release|Any CPU.ActiveCfg = Release|Any CPU
		{E7CC2EAE-1851-7C99-CE8C-6935D458F664}.Release|Any CPU.Build.0 = Release|Any CPU
		{EEE74254-F995-3CFF-901F-1846E563BE8B}.Debug|Any CPU.ActiveCfg = Debug|Any CPU
		{EEE74254-F995-3CFF-901F-1846E563BE8B}.Debug|Any CPU.Build.0 = Debug|Any CPU
		{EEE74254-F995-3CFF-901F-1846E563BE8B}.Release|Any CPU.ActiveCfg = Release|Any CPU
		{EEE74254-F995-3CFF-901F-1846E563BE8B}.Release|Any CPU.Build.0 = Release|Any CPU
		{8F3F4E23-27AF-6279-330B-04F3C12E1FF8}.Debug|Any CPU.ActiveCfg = Debug|Any CPU
		{8F3F4E23-27AF-6279-330B-04F3C12E1FF8}.Debug|Any CPU.Build.0 = Debug|Any CPU
		{8F3F4E23-27AF-6279-330B-04F3C12E1FF8}.Release|Any CPU.ActiveCfg = Release|Any CPU
		{8F3F4E23-27AF-6279-330B-04F3C12E1FF8}.Release|Any CPU.Build.0 = Release|Any CPU
		{E4EA95F6-C871-6FF8-9FD5-95B411C5BA7C}.Debug|Any CPU.ActiveCfg = Debug|Any CPU
		{E4EA95F6-C871-6FF8-9FD5-95B411C5BA7C}.Debug|Any CPU.Build.0 = Debug|Any CPU
		{E4EA95F6-C871-6FF8-9FD5-95B411C5BA7C}.Release|Any CPU.ActiveCfg = Release|Any CPU
		{E4EA95F6-C871-6FF8-9FD5-95B411C5BA7C}.Release|Any CPU.Build.0 = Release|Any CPU
		{C3487BEB-68D0-EFEF-29C4-D8E6C952AA3B}.Debug|Any CPU.ActiveCfg = Debug|Any CPU
		{C3487BEB-68D0-EFEF-29C4-D8E6C952AA3B}.Debug|Any CPU.Build.0 = Debug|Any CPU
		{C3487BEB-68D0-EFEF-29C4-D8E6C952AA3B}.Release|Any CPU.ActiveCfg = Release|Any CPU
		{C3487BEB-68D0-EFEF-29C4-D8E6C952AA3B}.Release|Any CPU.Build.0 = Release|Any CPU
		{5FA37182-4635-E05D-24AA-C6C54D786BD4}.Debug|Any CPU.ActiveCfg = Debug|Any CPU
		{5FA37182-4635-E05D-24AA-C6C54D786BD4}.Debug|Any CPU.Build.0 = Debug|Any CPU
		{5FA37182-4635-E05D-24AA-C6C54D786BD4}.Release|Any CPU.ActiveCfg = Release|Any CPU
		{5FA37182-4635-E05D-24AA-C6C54D786BD4}.Release|Any CPU.Build.0 = Release|Any CPU
		{994DAAA6-C932-AA3A-29A9-9ED8635D0409}.Debug|Any CPU.ActiveCfg = Debug|Any CPU
		{994DAAA6-C932-AA3A-29A9-9ED8635D0409}.Debug|Any CPU.Build.0 = Debug|Any CPU
		{994DAAA6-C932-AA3A-29A9-9ED8635D0409}.Release|Any CPU.ActiveCfg = Release|Any CPU
		{994DAAA6-C932-AA3A-29A9-9ED8635D0409}.Release|Any CPU.Build.0 = Release|Any CPU
		{B4F99038-3EA0-E8D3-07A8-E4CD8B52B384}.Debug|Any CPU.ActiveCfg = Debug|Any CPU
		{B4F99038-3EA0-E8D3-07A8-E4CD8B52B384}.Debug|Any CPU.Build.0 = Debug|Any CPU
		{B4F99038-3EA0-E8D3-07A8-E4CD8B52B384}.Release|Any CPU.ActiveCfg = Release|Any CPU
		{B4F99038-3EA0-E8D3-07A8-E4CD8B52B384}.Release|Any CPU.Build.0 = Release|Any CPU
		{3226EE03-F4E3-4CE1-E33F-19A98F9CEBFE}.Debug|Any CPU.ActiveCfg = Debug|Any CPU
		{3226EE03-F4E3-4CE1-E33F-19A98F9CEBFE}.Debug|Any CPU.Build.0 = Debug|Any CPU
		{3226EE03-F4E3-4CE1-E33F-19A98F9CEBFE}.Release|Any CPU.ActiveCfg = Release|Any CPU
		{3226EE03-F4E3-4CE1-E33F-19A98F9CEBFE}.Release|Any CPU.Build.0 = Release|Any CPU
		{B79E670D-0E15-5978-9548-8EAE3F026423}.Debug|Any CPU.ActiveCfg = Debug|Any CPU
		{B79E670D-0E15-5978-9548-8EAE3F026423}.Debug|Any CPU.Build.0 = Debug|Any CPU
		{B79E670D-0E15-5978-9548-8EAE3F026423}.Release|Any CPU.ActiveCfg = Release|Any CPU
		{B79E670D-0E15-5978-9548-8EAE3F026423}.Release|Any CPU.Build.0 = Release|Any CPU
		{62000550-661B-F38C-CAF2-56647791376F}.Debug|Any CPU.ActiveCfg = Debug|Any CPU
		{62000550-661B-F38C-CAF2-56647791376F}.Debug|Any CPU.Build.0 = Debug|Any CPU
		{62000550-661B-F38C-CAF2-56647791376F}.Release|Any CPU.ActiveCfg = Release|Any CPU
		{62000550-661B-F38C-CAF2-56647791376F}.Release|Any CPU.Build.0 = Release|Any CPU
		{BCCFA4A3-1892-63EB-CA9F-FB6FC6F7AA62}.Debug|Any CPU.ActiveCfg = Debug|Any CPU
		{BCCFA4A3-1892-63EB-CA9F-FB6FC6F7AA62}.Debug|Any CPU.Build.0 = Debug|Any CPU
		{BCCFA4A3-1892-63EB-CA9F-FB6FC6F7AA62}.Release|Any CPU.ActiveCfg = Release|Any CPU
		{BCCFA4A3-1892-63EB-CA9F-FB6FC6F7AA62}.Release|Any CPU.Build.0 = Release|Any CPU
		{2966C55C-44C9-C4BA-A9AF-138871752FDB}.Debug|Any CPU.ActiveCfg = Debug|Any CPU
		{2966C55C-44C9-C4BA-A9AF-138871752FDB}.Debug|Any CPU.Build.0 = Debug|Any CPU
		{2966C55C-44C9-C4BA-A9AF-138871752FDB}.Release|Any CPU.ActiveCfg = Release|Any CPU
		{2966C55C-44C9-C4BA-A9AF-138871752FDB}.Release|Any CPU.Build.0 = Release|Any CPU
		{201C4A84-D232-2DEE-668F-0F77CE45E4F2}.Debug|Any CPU.ActiveCfg = Debug|Any CPU
		{201C4A84-D232-2DEE-668F-0F77CE45E4F2}.Debug|Any CPU.Build.0 = Debug|Any CPU
		{201C4A84-D232-2DEE-668F-0F77CE45E4F2}.Release|Any CPU.ActiveCfg = Release|Any CPU
		{201C4A84-D232-2DEE-668F-0F77CE45E4F2}.Release|Any CPU.Build.0 = Release|Any CPU
		{9BC34372-E073-959F-909D-9A9689E6165C}.Debug|Any CPU.ActiveCfg = Debug|Any CPU
		{9BC34372-E073-959F-909D-9A9689E6165C}.Debug|Any CPU.Build.0 = Debug|Any CPU
		{9BC34372-E073-959F-909D-9A9689E6165C}.Release|Any CPU.ActiveCfg = Release|Any CPU
		{9BC34372-E073-959F-909D-9A9689E6165C}.Release|Any CPU.Build.0 = Release|Any CPU
	EndGlobalSection
	GlobalSection(SolutionProperties) = preSolution
		HideSolutionNode = FALSE
	EndGlobalSection
	GlobalSection(NestedProjects) = preSolution
		{BD8321AB-D85A-B520-1A4E-2BC45F42EDB6} = {D2D3010C-6EB8-C008-083E-44DF42A0E764}
		{7227CB01-1ABD-AAF9-CCC5-8D517BC947F1} = {BD8321AB-D85A-B520-1A4E-2BC45F42EDB6}
		{ED70C834-709E-7B0A-0002-F43AC089BA26} = {7227CB01-1ABD-AAF9-CCC5-8D517BC947F1}
		{8AB77B81-00E4-3ABA-B56D-83023739B1B5} = {7227CB01-1ABD-AAF9-CCC5-8D517BC947F1}
		{95003BBE-5B4F-8740-80ED-205534A49C42} = {7227CB01-1ABD-AAF9-CCC5-8D517BC947F1}
		{D26A4C1C-43C4-B2D7-12B5-BB4FA7F6AC84} = {7227CB01-1ABD-AAF9-CCC5-8D517BC947F1}
		{6CD0C26B-5598-A16C-F4FC-27CB1CD44168} = {BD8321AB-D85A-B520-1A4E-2BC45F42EDB6}
		{C61C40CE-0ACF-800C-A3D8-313F1053564C} = {6CD0C26B-5598-A16C-F4FC-27CB1CD44168}
		{FB7F68FD-4EE9-32E5-A22B-3E3A78A2969F} = {6CD0C26B-5598-A16C-F4FC-27CB1CD44168}
		{E82D3D94-7EF3-4459-7C9C-675A14AA8B65} = {6CD0C26B-5598-A16C-F4FC-27CB1CD44168}
		{7261AFDA-CAA4-32F3-7406-76C39B664C5E} = {6CD0C26B-5598-A16C-F4FC-27CB1CD44168}
		{7FFA62DC-78DB-102F-4655-EEDBC310372E} = {6CD0C26B-5598-A16C-F4FC-27CB1CD44168}
		{941DC479-B6B7-20D4-8CD4-5DE7FBFD3BC7} = {BD8321AB-D85A-B520-1A4E-2BC45F42EDB6}
		{9AECB987-8424-0484-5FEF-D0E4A9EFE1B1} = {941DC479-B6B7-20D4-8CD4-5DE7FBFD3BC7}
		{16CA7C1F-F83C-AFE7-2B74-3132B2F09623} = {941DC479-B6B7-20D4-8CD4-5DE7FBFD3BC7}
		{AD47C822-3C6E-3BB9-2C86-09C6EC44856C} = {941DC479-B6B7-20D4-8CD4-5DE7FBFD3BC7}
		{80FD3ADD-892A-0D59-5687-6900E5E1F231} = {BD8321AB-D85A-B520-1A4E-2BC45F42EDB6}
		{1336BA8D-4B3D-0C02-901F-0633A0FDC467} = {80FD3ADD-892A-0D59-5687-6900E5E1F231}
		{A6DF24BA-8887-A732-B78B-D7F870005376} = {80FD3ADD-892A-0D59-5687-6900E5E1F231}
		{393E8450-EB86-3488-6E88-FF6A0688DB6C} = {80FD3ADD-892A-0D59-5687-6900E5E1F231}
		{4E0342B3-C22A-1581-39F5-B3AF32591966} = {393E8450-EB86-3488-6E88-FF6A0688DB6C}
		{59F95ABA-638F-F83F-66E7-790B5251766E} = {BD8321AB-D85A-B520-1A4E-2BC45F42EDB6}
		{0619B4B6-BB03-0E35-E619-5B6EAA3B54D8} = {59F95ABA-638F-F83F-66E7-790B5251766E}
		{153BA0D4-8559-DE5A-AC38-6EFC89759423} = {59F95ABA-638F-F83F-66E7-790B5251766E}
		{3063D9C7-F632-2DAD-3C8E-34EDDA85C435} = {59F95ABA-638F-F83F-66E7-790B5251766E}
		{A27DF238-7CF1-9BB2-F4E1-3BF1CCA1A018} = {59F95ABA-638F-F83F-66E7-790B5251766E}
		{9C63D56C-9B29-A88C-813E-C4315DE06947} = {D2D3010C-6EB8-C008-083E-44DF42A0E764}
		{3971C4E4-0F5A-B374-6D74-D48CD6931A52} = {9C63D56C-9B29-A88C-813E-C4315DE06947}
		{FB548B12-6091-E6F8-0BB5-41AFDF8D21D2} = {3971C4E4-0F5A-B374-6D74-D48CD6931A52}
		{93B76D68-926F-8F0E-6FD5-DE562A998D8A} = {3971C4E4-0F5A-B374-6D74-D48CD6931A52}
		{D8A92BE1-72FA-00DF-E9F1-5765A539D4CE} = {3971C4E4-0F5A-B374-6D74-D48CD6931A52}
		{4D4093C0-DB73-15BB-1C36-843205152140} = {3971C4E4-0F5A-B374-6D74-D48CD6931A52}
		{E5E7FA1C-20BD-CCA2-21CA-72E0B4CAD393} = {3971C4E4-0F5A-B374-6D74-D48CD6931A52}
		{774CEC25-B18C-0A8C-7413-DCB7920982D4} = {9C63D56C-9B29-A88C-813E-C4315DE06947}
		{45F520C6-BD96-90F3-F727-D54461EF8975} = {774CEC25-B18C-0A8C-7413-DCB7920982D4}
		{CC03F2A5-9638-1294-720F-9D925402CA4C} = {774CEC25-B18C-0A8C-7413-DCB7920982D4}
		{E7CC2EAE-1851-7C99-CE8C-6935D458F664} = {774CEC25-B18C-0A8C-7413-DCB7920982D4}
		{EEE74254-F995-3CFF-901F-1846E563BE8B} = {774CEC25-B18C-0A8C-7413-DCB7920982D4}
		{8F3F4E23-27AF-6279-330B-04F3C12E1FF8} = {774CEC25-B18C-0A8C-7413-DCB7920982D4}
		{E4EA95F6-C871-6FF8-9FD5-95B411C5BA7C} = {774CEC25-B18C-0A8C-7413-DCB7920982D4}
		{609EF948-BD03-C671-D8A7-199F553567D1} = {9C63D56C-9B29-A88C-813E-C4315DE06947}
		{C3487BEB-68D0-EFEF-29C4-D8E6C952AA3B} = {609EF948-BD03-C671-D8A7-199F553567D1}
		{5FA37182-4635-E05D-24AA-C6C54D786BD4} = {609EF948-BD03-C671-D8A7-199F553567D1}
		{994DAAA6-C932-AA3A-29A9-9ED8635D0409} = {609EF948-BD03-C671-D8A7-199F553567D1}
		{F5A0FA01-B7BF-CD79-6679-8D183F9B92D6} = {9C63D56C-9B29-A88C-813E-C4315DE06947}
		{B4F99038-3EA0-E8D3-07A8-E4CD8B52B384} = {F5A0FA01-B7BF-CD79-6679-8D183F9B92D6}
		{3226EE03-F4E3-4CE1-E33F-19A98F9CEBFE} = {F5A0FA01-B7BF-CD79-6679-8D183F9B92D6}
		{94D8762E-30DA-DA5B-D181-F9B5C1715C6C} = {F5A0FA01-B7BF-CD79-6679-8D183F9B92D6}
		{B79E670D-0E15-5978-9548-8EAE3F026423} = {94D8762E-30DA-DA5B-D181-F9B5C1715C6C}
		{62000550-661B-F38C-CAF2-56647791376F} = {F5A0FA01-B7BF-CD79-6679-8D183F9B92D6}
		{503AD2FD-79DF-BD12-807A-AB4C108C76C2} = {9C63D56C-9B29-A88C-813E-C4315DE06947}
		{BCCFA4A3-1892-63EB-CA9F-FB6FC6F7AA62} = {503AD2FD-79DF-BD12-807A-AB4C108C76C2}
		{2966C55C-44C9-C4BA-A9AF-138871752FDB} = {503AD2FD-79DF-BD12-807A-AB4C108C76C2}
		{201C4A84-D232-2DEE-668F-0F77CE45E4F2} = {503AD2FD-79DF-BD12-807A-AB4C108C76C2}
		{9BC34372-E073-959F-909D-9A9689E6165C} = {503AD2FD-79DF-BD12-807A-AB4C108C76C2}
	EndGlobalSection
	GlobalSection(ExtensibilityGlobals) = postSolution
		SolutionGuid = {9111D210-4B90-4C70-92AA-3C2856924354}
	EndGlobalSection
EndGlobal
